
Microsoft Visual Studio Solution File, Format Version 12.00
# Visual Studio Version 17
VisualStudioVersion = 17.6.33717.318
MinimumVisualStudioVersion = 10.0.40219.1
Project("{9A19103F-16F7-4668-BE54-9A1E7A4F7556}") = "DemoConsole", "DemoConsole\DemoConsole.csproj", "{6084161E-E785-4E3E-89B6-8488F7AB96C7}"
EndProject
Project("{9A19103F-16F7-4668-BE54-9A1E7A4F7556}") = "CodeFirstDemo", "CodeFirstDemo\CodeFirstDemo.csproj", "{7904D252-6DB9-4DCE-A99E-8A1547871420}"
EndProject
Project("{FAE04EC0-301F-11D3-BF4B-00C04F79EFBC}") = "CodeFirstDemoFramework", "CodeFirstDemoFramework\CodeFirstDemoFramework.csproj", "{7C3D489E-D9D5-49B7-9154-A7C5540A263E}"
EndProject
Project("{9A19103F-16F7-4668-BE54-9A1E7A4F7556}") = "DemoDatabaseFirst", "DemoDatabaseFirst\DemoDatabaseFirst.csproj", "{2213C65B-F636-4806-80CF-1E868A200430}"
EndProject
Project("{9A19103F-16F7-4668-BE54-9A1E7A4F7556}") = "DemoCodeFirst", "DemoCodeFirst\DemoCodeFirst.csproj", "{EE4DAF6E-D344-49F5-94A7-AF23BE01DD6A}"
EndProject
Project("{9A19103F-16F7-4668-BE54-9A1E7A4F7556}") = "DemoCodeFirstEDM", "DemoCodeFirstEDM\DemoCodeFirstEDM.csproj", "{267FF96A-D4FA-440E-8A70-0E03065A5EA0}"
EndProject
Project("{FAE04EC0-301F-11D3-BF4B-00C04F79EFBC}") = "DemoWebApplication", "DemoWebApplication\DemoWebApplication.csproj", "{16C15AE2-E1FE-4B32-98B5-956C9934B503}"
EndProject
Project("{9A19103F-16F7-4668-BE54-9A1E7A4F7556}") = "MyCodeFirstApproachDemo", "MyCodeFirstApproachDemo\MyCodeFirstApproachDemo.csproj", "{7AE3F9DB-3447-494F-B589-9E263228B2F3}"
EndProject
Project("{9A19103F-16F7-4668-BE54-9A1E7A4F7556}") = "AutomobileLibrary", "AutomobileLibrary\AutomobileLibrary.csproj", "{08474C22-500E-4A11-A91E-86DF25B97EDC}"
EndProject
Project("{9A19103F-16F7-4668-BE54-9A1E7A4F7556}") = "AutomobileWebApp", "AutomobileWebApp\AutomobileWebApp.csproj", "{DEA28DC6-D2CC-4955-ADA3-1041BA13B760}"
EndProject
Project("{9A19103F-16F7-4668-BE54-9A1E7A4F7556}") = "DIDemo", "DIDemo\DIDemo.csproj", "{AA8BBFD9-118A-4F4D-857B-2C55748E95A5}"
EndProject
Project("{9A19103F-16F7-4668-BE54-9A1E7A4F7556}") = "WebApplication2", "WebApplication2\WebApplication2.csproj", "{600621C4-E66E-4E66-8530-3022156EB368}"
EndProject
Project("{9A19103F-16F7-4668-BE54-9A1E7A4F7556}") = "SPA", "SPA\SPA.csproj", "{344AC781-6B7C-4C75-A5AA-D452D89F6B92}"
EndProject
Project("{FAE04EC0-301F-11D3-BF4B-00C04F79EFBC}") = "WebDemo14112023", "WebDemo14112023\WebDemo14112023.csproj", "{D3A9E2B5-A43B-4D83-BB94-A13C048E6BB5}"
EndProject
Project("{FAE04EC0-301F-11D3-BF4B-00C04F79EFBC}") = "DatabaseFirstDemo", "DatabaseFirstDemo\DatabaseFirstDemo.csproj", "{044F55A0-CF28-4FB8-AEE4-D68015BCA017}"
EndProject
Global
	GlobalSection(SolutionConfigurationPlatforms) = preSolution
		Debug|Any CPU = Debug|Any CPU
		Release|Any CPU = Release|Any CPU
	EndGlobalSection
	GlobalSection(ProjectConfigurationPlatforms) = postSolution
		{6084161E-E785-4E3E-89B6-8488F7AB96C7}.Debug|Any CPU.ActiveCfg = Debug|Any CPU
		{6084161E-E785-4E3E-89B6-8488F7AB96C7}.Debug|Any CPU.Build.0 = Debug|Any CPU
		{6084161E-E785-4E3E-89B6-8488F7AB96C7}.Release|Any CPU.ActiveCfg = Release|Any CPU
		{6084161E-E785-4E3E-89B6-8488F7AB96C7}.Release|Any CPU.Build.0 = Release|Any CPU
		{7904D252-6DB9-4DCE-A99E-8A1547871420}.Debug|Any CPU.ActiveCfg = Debug|Any CPU
		{7904D252-6DB9-4DCE-A99E-8A1547871420}.Debug|Any CPU.Build.0 = Debug|Any CPU
		{7904D252-6DB9-4DCE-A99E-8A1547871420}.Release|Any CPU.ActiveCfg = Release|Any CPU
		{7904D252-6DB9-4DCE-A99E-8A1547871420}.Release|Any CPU.Build.0 = Release|Any CPU
		{7C3D489E-D9D5-49B7-9154-A7C5540A263E}.Debug|Any CPU.ActiveCfg = Debug|Any CPU
		{7C3D489E-D9D5-49B7-9154-A7C5540A263E}.Debug|Any CPU.Build.0 = Debug|Any CPU
		{7C3D489E-D9D5-49B7-9154-A7C5540A263E}.Release|Any CPU.ActiveCfg = Release|Any CPU
		{7C3D489E-D9D5-49B7-9154-A7C5540A263E}.Release|Any CPU.Build.0 = Release|Any CPU
		{2213C65B-F636-4806-80CF-1E868A200430}.Debug|Any CPU.ActiveCfg = Debug|Any CPU
		{2213C65B-F636-4806-80CF-1E868A200430}.Debug|Any CPU.Build.0 = Debug|Any CPU
		{2213C65B-F636-4806-80CF-1E868A200430}.Release|Any CPU.ActiveCfg = Release|Any CPU
		{2213C65B-F636-4806-80CF-1E868A200430}.Release|Any CPU.Build.0 = Release|Any CPU
		{EE4DAF6E-D344-49F5-94A7-AF23BE01DD6A}.Debug|Any CPU.ActiveCfg = Debug|Any CPU
		{EE4DAF6E-D344-49F5-94A7-AF23BE01DD6A}.Debug|Any CPU.Build.0 = Debug|Any CPU
		{EE4DAF6E-D344-49F5-94A7-AF23BE01DD6A}.Release|Any CPU.ActiveCfg = Release|Any CPU
		{EE4DAF6E-D344-49F5-94A7-AF23BE01DD6A}.Release|Any CPU.Build.0 = Release|Any CPU
		{267FF96A-D4FA-440E-8A70-0E03065A5EA0}.Debug|Any CPU.ActiveCfg = Debug|Any CPU
		{267FF96A-D4FA-440E-8A70-0E03065A5EA0}.Debug|Any CPU.Build.0 = Debug|Any CPU
		{267FF96A-D4FA-440E-8A70-0E03065A5EA0}.Release|Any CPU.ActiveCfg = Release|Any CPU
		{267FF96A-D4FA-440E-8A70-0E03065A5EA0}.Release|Any CPU.Build.0 = Release|Any CPU
		{16C15AE2-E1FE-4B32-98B5-956C9934B503}.Debug|Any CPU.ActiveCfg = Debug|Any CPU
		{16C15AE2-E1FE-4B32-98B5-956C9934B503}.Debug|Any CPU.Build.0 = Debug|Any CPU
		{16C15AE2-E1FE-4B32-98B5-956C9934B503}.Release|Any CPU.ActiveCfg = Release|Any CPU
		{16C15AE2-E1FE-4B32-98B5-956C9934B503}.Release|Any CPU.Build.0 = Release|Any CPU
		{7AE3F9DB-3447-494F-B589-9E263228B2F3}.Debug|Any CPU.ActiveCfg = Debug|Any CPU
		{7AE3F9DB-3447-494F-B589-9E263228B2F3}.Debug|Any CPU.Build.0 = Debug|Any CPU
		{7AE3F9DB-3447-494F-B589-9E263228B2F3}.Release|Any CPU.ActiveCfg = Release|Any CPU
		{7AE3F9DB-3447-494F-B589-9E263228B2F3}.Release|Any CPU.Build.0 = Release|Any CPU
		{08474C22-500E-4A11-A91E-86DF25B97EDC}.Debug|Any CPU.ActiveCfg = Debug|Any CPU
		{08474C22-500E-4A11-A91E-86DF25B97EDC}.Debug|Any CPU.Build.0 = Debug|Any CPU
		{08474C22-500E-4A11-A91E-86DF25B97EDC}.Release|Any CPU.ActiveCfg = Release|Any CPU
		{08474C22-500E-4A11-A91E-86DF25B97EDC}.Release|Any CPU.Build.0 = Release|Any CPU
		{DEA28DC6-D2CC-4955-ADA3-1041BA13B760}.Debug|Any CPU.ActiveCfg = Debug|Any CPU
		{DEA28DC6-D2CC-4955-ADA3-1041BA13B760}.Debug|Any CPU.Build.0 = Debug|Any CPU
		{DEA28DC6-D2CC-4955-ADA3-1041BA13B760}.Release|Any CPU.ActiveCfg = Release|Any CPU
		{DEA28DC6-D2CC-4955-ADA3-1041BA13B760}.Release|Any CPU.Build.0 = Release|Any CPU
		{AA8BBFD9-118A-4F4D-857B-2C55748E95A5}.Debug|Any CPU.ActiveCfg = Debug|Any CPU
		{AA8BBFD9-118A-4F4D-857B-2C55748E95A5}.Debug|Any CPU.Build.0 = Debug|Any CPU
		{AA8BBFD9-118A-4F4D-857B-2C55748E95A5}.Release|Any CPU.ActiveCfg = Release|Any CPU
		{AA8BBFD9-118A-4F4D-857B-2C55748E95A5}.Release|Any CPU.Build.0 = Release|Any CPU
		{600621C4-E66E-4E66-8530-3022156EB368}.Debug|Any CPU.ActiveCfg = Debug|Any CPU
		{600621C4-E66E-4E66-8530-3022156EB368}.Debug|Any CPU.Build.0 = Debug|Any CPU
		{600621C4-E66E-4E66-8530-3022156EB368}.Release|Any CPU.ActiveCfg = Release|Any CPU
		{600621C4-E66E-4E66-8530-3022156EB368}.Release|Any CPU.Build.0 = Release|Any CPU
		{344AC781-6B7C-4C75-A5AA-D452D89F6B92}.Debug|Any CPU.ActiveCfg = Debug|Any CPU
		{344AC781-6B7C-4C75-A5AA-D452D89F6B92}.Debug|Any CPU.Build.0 = Debug|Any CPU
		{344AC781-6B7C-4C75-A5AA-D452D89F6B92}.Release|Any CPU.ActiveCfg = Release|Any CPU
		{344AC781-6B7C-4C75-A5AA-D452D89F6B92}.Release|Any CPU.Build.0 = Release|Any CPU
		{D3A9E2B5-A43B-4D83-BB94-A13C048E6BB5}.Debug|Any CPU.ActiveCfg = Debug|Any CPU
		{D3A9E2B5-A43B-4D83-BB94-A13C048E6BB5}.Debug|Any CPU.Build.0 = Debug|Any CPU
		{D3A9E2B5-A43B-4D83-BB94-A13C048E6BB5}.Release|Any CPU.ActiveCfg = Release|Any CPU
		{D3A9E2B5-A43B-4D83-BB94-A13C048E6BB5}.Release|Any CPU.Build.0 = Release|Any CPU
		{044F55A0-CF28-4FB8-AEE4-D68015BCA017}.Debug|Any CPU.ActiveCfg = Debug|Any CPU
		{044F55A0-CF28-4FB8-AEE4-D68015BCA017}.Debug|Any CPU.Build.0 = Debug|Any CPU
		{044F55A0-CF28-4FB8-AEE4-D68015BCA017}.Release|Any CPU.ActiveCfg = Release|Any CPU
		{044F55A0-CF28-4FB8-AEE4-D68015BCA017}.Release|Any CPU.Build.0 = Release|Any CPU
	EndGlobalSection
	GlobalSection(SolutionProperties) = preSolution
		HideSolutionNode = FALSE
	EndGlobalSection
	GlobalSection(ExtensibilityGlobals) = postSolution
		SolutionGuid = {6C1826AB-B324-4626-8947-EE353D9390AB}
	EndGlobalSection
EndGlobal
